// !$*UTF8*$!
{
	archiveVersion = 1;
	classes = {
	};
	objectVersion = 56;
	objects = {

/* Begin PBXBuildFile section */
		8B31AA212D90B7BA005DD8CE /* CommunityFundApp.swift in Sources */ = {isa = PBXBuildFile; fileRef = 8B31AA202D90B7BA005DD8CE /* CommunityFundApp.swift */; };
		8B31AA232D90B7BA005DD8CE /* ContentView.swift in Sources */ = {isa = PBXBuildFile; fileRef = 8B31AA222D90B7BA005DD8CE /* ContentView.swift */; };
		8B31AA252D90B7BB005DD8CE /* Assets.xcassets in Resources */ = {isa = PBXBuildFile; fileRef = 8B31AA242D90B7BB005DD8CE /* Assets.xcassets */; };
		8B31AA282D90B7BB005DD8CE /* Preview Assets.xcassets in Resources */ = {isa = PBXBuildFile; fileRef = 8B31AA272D90B7BB005DD8CE /* Preview Assets.xcassets */; };
		8B31AA2F2D90B84B005DD8CE /* AppDelegate.swift in Sources */ = {isa = PBXBuildFile; fileRef = 8B31AA2E2D90B84B005DD8CE /* AppDelegate.swift */; };
		8B31AA312D90B85E005DD8CE /* AuthViewModel.swift in Sources */ = {isa = PBXBuildFile; fileRef = 8B31AA302D90B85E005DD8CE /* AuthViewModel.swift */; };
		8B31AA332D90B871005DD8CE /* LoginView.swift in Sources */ = {isa = PBXBuildFile; fileRef = 8B31AA322D90B871005DD8CE /* LoginView.swift */; };
		8B31AA352D90B882005DD8CE /* MainView.swift in Sources */ = {isa = PBXBuildFile; fileRef = 8B31AA342D90B882005DD8CE /* MainView.swift */; };
		8B31AA372D90B896005DD8CE /* StartFundraiserView.swift in Sources */ = {isa = PBXBuildFile; fileRef = 8B31AA362D90B896005DD8CE /* StartFundraiserView.swift */; };
		8B31AA392D90B8A8005DD8CE /* IdentifiableCoordinate.swift in Sources */ = {isa = PBXBuildFile; fileRef = 8B31AA382D90B8A8005DD8CE /* IdentifiableCoordinate.swift */; };
		8B31AA3B2D90B8BC005DD8CE /* LocationSearchService.swift in Sources */ = {isa = PBXBuildFile; fileRef = 8B31AA3A2D90B8BC005DD8CE /* LocationSearchService.swift */; };
		8B31AA3D2D90B8D9005DD8CE /* FundraiserDetailView.swift in Sources */ = {isa = PBXBuildFile; fileRef = 8B31AA3C2D90B8D9005DD8CE /* FundraiserDetailView.swift */; };
		8B31AA462D90BDDE005DD8CE /* FirebaseAnalytics in Frameworks */ = {isa = PBXBuildFile; productRef = 8B31AA452D90BDDE005DD8CE /* FirebaseAnalytics */; };
		8B31AA482D90BDDE005DD8CE /* FirebaseAnalyticsOnDeviceConversion in Frameworks */ = {isa = PBXBuildFile; productRef = 8B31AA472D90BDDE005DD8CE /* FirebaseAnalyticsOnDeviceConversion */; };
		8B31AA4A2D90BDDE005DD8CE /* FirebaseAnalyticsWithoutAdIdSupport in Frameworks */ = {isa = PBXBuildFile; productRef = 8B31AA492D90BDDE005DD8CE /* FirebaseAnalyticsWithoutAdIdSupport */; };
		8B31AA4C2D90BDDE005DD8CE /* FirebaseAppCheck in Frameworks */ = {isa = PBXBuildFile; productRef = 8B31AA4B2D90BDDE005DD8CE /* FirebaseAppCheck */; };
		8B31AA4E2D90BDDE005DD8CE /* FirebaseAppDistribution-Beta in Frameworks */ = {isa = PBXBuildFile; productRef = 8B31AA4D2D90BDDE005DD8CE /* FirebaseAppDistribution-Beta */; };
		8B31AA512D90C242005DD8CE /* GoogleSignIn in Frameworks */ = {isa = PBXBuildFile; productRef = 8B31AA502D90C242005DD8CE /* GoogleSignIn */; };
		8B31AA532D90C242005DD8CE /* GoogleSignInSwift in Frameworks */ = {isa = PBXBuildFile; productRef = 8B31AA522D90C242005DD8CE /* GoogleSignInSwift */; };
		8B31AA552D90C367005DD8CE /* FirebaseAuth in Frameworks */ = {isa = PBXBuildFile; productRef = 8B31AA542D90C367005DD8CE /* FirebaseAuth */; };
		8B31AA572D90C367005DD8CE /* FirebaseAuthCombine-Community in Frameworks */ = {isa = PBXBuildFile; productRef = 8B31AA562D90C367005DD8CE /* FirebaseAuthCombine-Community */; };
		8B31AA592D90C367005DD8CE /* FirebaseCore in Frameworks */ = {isa = PBXBuildFile; productRef = 8B31AA582D90C367005DD8CE /* FirebaseCore */; };
		8B31AA5B2D90C367005DD8CE /* FirebaseCrashlytics in Frameworks */ = {isa = PBXBuildFile; productRef = 8B31AA5A2D90C367005DD8CE /* FirebaseCrashlytics */; };
		8B31AA5D2D90C367005DD8CE /* FirebaseDatabase in Frameworks */ = {isa = PBXBuildFile; productRef = 8B31AA5C2D90C367005DD8CE /* FirebaseDatabase */; };
		8B31AA5F2D90C367005DD8CE /* FirebaseDynamicLinks in Frameworks */ = {isa = PBXBuildFile; productRef = 8B31AA5E2D90C367005DD8CE /* FirebaseDynamicLinks */; };
		8B31AA612D90C367005DD8CE /* FirebaseFirestore in Frameworks */ = {isa = PBXBuildFile; productRef = 8B31AA602D90C367005DD8CE /* FirebaseFirestore */; };
		8B31AA632D90C367005DD8CE /* FirebaseFirestoreCombine-Community in Frameworks */ = {isa = PBXBuildFile; productRef = 8B31AA622D90C367005DD8CE /* FirebaseFirestoreCombine-Community */; };
		8B31AA652D90C367005DD8CE /* FirebaseFunctions in Frameworks */ = {isa = PBXBuildFile; productRef = 8B31AA642D90C367005DD8CE /* FirebaseFunctions */; };
		8B31AA672D90C367005DD8CE /* FirebaseFunctionsCombine-Community in Frameworks */ = {isa = PBXBuildFile; productRef = 8B31AA662D90C367005DD8CE /* FirebaseFunctionsCombine-Community */; };
		8B31AA692D90C367005DD8CE /* FirebaseInAppMessaging-Beta in Frameworks */ = {isa = PBXBuildFile; productRef = 8B31AA682D90C367005DD8CE /* FirebaseInAppMessaging-Beta */; };
		8B31AA6B2D90C367005DD8CE /* FirebaseInstallations in Frameworks */ = {isa = PBXBuildFile; productRef = 8B31AA6A2D90C367005DD8CE /* FirebaseInstallations */; };
		8B31AA6D2D90C367005DD8CE /* FirebaseMLModelDownloader in Frameworks */ = {isa = PBXBuildFile; productRef = 8B31AA6C2D90C367005DD8CE /* FirebaseMLModelDownloader */; };
		8B31AA6F2D90C367005DD8CE /* FirebaseMessaging in Frameworks */ = {isa = PBXBuildFile; productRef = 8B31AA6E2D90C367005DD8CE /* FirebaseMessaging */; };
		8B31AA732D90C67A005DD8CE /* GoogleService-Info.plist in Resources */ = {isa = PBXBuildFile; fileRef = 8B31AA722D90C67A005DD8CE /* GoogleService-Info.plist */; };
		8B31AA752D90C774005DD8CE /* LocationManager.swift in Sources */ = {isa = PBXBuildFile; fileRef = 8B31AA742D90C773005DD8CE /* LocationManager.swift */; };
		8B31AA772D90CA31005DD8CE /* Models.swift in Sources */ = {isa = PBXBuildFile; fileRef = 8B31AA762D90CA30005DD8CE /* Models.swift */; };
		8B31AA792D90CB5E005DD8CE /* ProfileView.swift in Sources */ = {isa = PBXBuildFile; fileRef = 8B31AA782D90CB5D005DD8CE /* ProfileView.swift */; };
		8B31AA7B2D90CC35005DD8CE /* FundraiserManager.swift in Sources */ = {isa = PBXBuildFile; fileRef = 8B31AA7A2D90CC35005DD8CE /* FundraiserManager.swift */; };
		8B31AA7D2D90CC47005DD8CE /* AddressSearchView.swift in Sources */ = {isa = PBXBuildFile; fileRef = 8B31AA7C2D90CC47005DD8CE /* AddressSearchView.swift */; };
/* End PBXBuildFile section */

/* Begin PBXFileReference section */
		8B31AA1D2D90B7BA005DD8CE /* CommunityFund.app */ = {isa = PBXFileReference; explicitFileType = wrapper.application; includeInIndex = 0; path = CommunityFund.app; sourceTree = BUILT_PRODUCTS_DIR; };
		8B31AA202D90B7BA005DD8CE /* CommunityFundApp.swift */ = {isa = PBXFileReference; lastKnownFileType = sourcecode.swift; path = CommunityFundApp.swift; sourceTree = "<group>"; };
		8B31AA222D90B7BA005DD8CE /* ContentView.swift */ = {isa = PBXFileReference; lastKnownFileType = sourcecode.swift; path = ContentView.swift; sourceTree = "<group>"; };
		8B31AA242D90B7BB005DD8CE /* Assets.xcassets */ = {isa = PBXFileReference; lastKnownFileType = folder.assetcatalog; path = Assets.xcassets; sourceTree = "<group>"; };
		8B31AA272D90B7BB005DD8CE /* Preview Assets.xcassets */ = {isa = PBXFileReference; lastKnownFileType = folder.assetcatalog; path = "Preview Assets.xcassets"; sourceTree = "<group>"; };
		8B31AA2E2D90B84B005DD8CE /* AppDelegate.swift */ = {isa = PBXFileReference; lastKnownFileType = sourcecode.swift; path = AppDelegate.swift; sourceTree = "<group>"; };
		8B31AA302D90B85E005DD8CE /* AuthViewModel.swift */ = {isa = PBXFileReference; lastKnownFileType = sourcecode.swift; path = AuthViewModel.swift; sourceTree = "<group>"; };
		8B31AA322D90B871005DD8CE /* LoginView.swift */ = {isa = PBXFileReference; lastKnownFileType = sourcecode.swift; path = LoginView.swift; sourceTree = "<group>"; };
		8B31AA342D90B882005DD8CE /* MainView.swift */ = {isa = PBXFileReference; lastKnownFileType = sourcecode.swift; path = MainView.swift; sourceTree = "<group>"; };
		8B31AA362D90B896005DD8CE /* StartFundraiserView.swift */ = {isa = PBXFileReference; lastKnownFileType = sourcecode.swift; path = StartFundraiserView.swift; sourceTree = "<group>"; };
		8B31AA382D90B8A8005DD8CE /* IdentifiableCoordinate.swift */ = {isa = PBXFileReference; lastKnownFileType = sourcecode.swift; path = IdentifiableCoordinate.swift; sourceTree = "<group>"; };
		8B31AA3A2D90B8BC005DD8CE /* LocationSearchService.swift */ = {isa = PBXFileReference; lastKnownFileType = sourcecode.swift; path = LocationSearchService.swift; sourceTree = "<group>"; };
		8B31AA3C2D90B8D9005DD8CE /* FundraiserDetailView.swift */ = {isa = PBXFileReference; lastKnownFileType = sourcecode.swift; path = FundraiserDetailView.swift; sourceTree = "<group>"; };
		8B31AA702D90C56A005DD8CE /* Info.plist */ = {isa = PBXFileReference; lastKnownFileType = text.plist.xml; path = Info.plist; sourceTree = "<group>"; };
		8B31AA722D90C67A005DD8CE /* GoogleService-Info.plist */ = {isa = PBXFileReference; fileEncoding = 4; lastKnownFileType = text.plist.xml; path = "GoogleService-Info.plist"; sourceTree = "<group>"; };
		8B31AA742D90C773005DD8CE /* LocationManager.swift */ = {isa = PBXFileReference; lastKnownFileType = sourcecode.swift; path = LocationManager.swift; sourceTree = "<group>"; };
		8B31AA762D90CA30005DD8CE /* Models.swift */ = {isa = PBXFileReference; lastKnownFileType = sourcecode.swift; path = Models.swift; sourceTree = "<group>"; };
		8B31AA782D90CB5D005DD8CE /* ProfileView.swift */ = {isa = PBXFileReference; lastKnownFileType = sourcecode.swift; path = ProfileView.swift; sourceTree = "<group>"; };
		8B31AA7A2D90CC35005DD8CE /* FundraiserManager.swift */ = {isa = PBXFileReference; lastKnownFileType = sourcecode.swift; path = FundraiserManager.swift; sourceTree = "<group>"; };
		8B31AA7C2D90CC47005DD8CE /* AddressSearchView.swift */ = {isa = PBXFileReference; lastKnownFileType = sourcecode.swift; path = AddressSearchView.swift; sourceTree = "<group>"; };
/* End PBXFileReference section */

/* Begin PBXFrameworksBuildPhase section */
		8B31AA1A2D90B7BA005DD8CE /* Frameworks */ = {
			isa = PBXFrameworksBuildPhase;
			buildActionMask = 2147483647;
			files = (
				8B31AA4C2D90BDDE005DD8CE /* FirebaseAppCheck in Frameworks */,
				8B31AA672D90C367005DD8CE /* FirebaseFunctionsCombine-Community in Frameworks */,
				8B31AA572D90C367005DD8CE /* FirebaseAuthCombine-Community in Frameworks */,
				8B31AA462D90BDDE005DD8CE /* FirebaseAnalytics in Frameworks */,
				8B31AA632D90C367005DD8CE /* FirebaseFirestoreCombine-Community in Frameworks */,
				8B31AA532D90C242005DD8CE /* GoogleSignInSwift in Frameworks */,
				8B31AA4E2D90BDDE005DD8CE /* FirebaseAppDistribution-Beta in Frameworks */,
				8B31AA6D2D90C367005DD8CE /* FirebaseMLModelDownloader in Frameworks */,
				8B31AA5B2D90C367005DD8CE /* FirebaseCrashlytics in Frameworks */,
				8B31AA6F2D90C367005DD8CE /* FirebaseMessaging in Frameworks */,
				8B31AA6B2D90C367005DD8CE /* FirebaseInstallations in Frameworks */,
				8B31AA5D2D90C367005DD8CE /* FirebaseDatabase in Frameworks */,
				8B31AA4A2D90BDDE005DD8CE /* FirebaseAnalyticsWithoutAdIdSupport in Frameworks */,
				8B31AA592D90C367005DD8CE /* FirebaseCore in Frameworks */,
				8B31AA692D90C367005DD8CE /* FirebaseInAppMessaging-Beta in Frameworks */,
				8B31AA482D90BDDE005DD8CE /* FirebaseAnalyticsOnDeviceConversion in Frameworks */,
				8B31AA652D90C367005DD8CE /* FirebaseFunctions in Frameworks */,
				8B31AA512D90C242005DD8CE /* GoogleSignIn in Frameworks */,
				8B31AA552D90C367005DD8CE /* FirebaseAuth in Frameworks */,
				8B31AA5F2D90C367005DD8CE /* FirebaseDynamicLinks in Frameworks */,
				8B31AA612D90C367005DD8CE /* FirebaseFirestore in Frameworks */,
			);
			runOnlyForDeploymentPostprocessing = 0;
		};
/* End PBXFrameworksBuildPhase section */

/* Begin PBXGroup section */
		8B31AA142D90B7BA005DD8CE = {
			isa = PBXGroup;
			children = (
				8B31AA1F2D90B7BA005DD8CE /* CommunityFund */,
				8B31AA1E2D90B7BA005DD8CE /* Products */,
			);
			sourceTree = "<group>";
		};
		8B31AA1E2D90B7BA005DD8CE /* Products */ = {
			isa = PBXGroup;
			children = (
				8B31AA1D2D90B7BA005DD8CE /* CommunityFund.app */,
			);
			name = Products;
			sourceTree = "<group>";
		};
		8B31AA1F2D90B7BA005DD8CE /* CommunityFund */ = {
			isa = PBXGroup;
			children = (
				8B31AA202D90B7BA005DD8CE /* CommunityFundApp.swift */,
				8B31AA2E2D90B84B005DD8CE /* AppDelegate.swift */,
				8B31AA322D90B871005DD8CE /* LoginView.swift */,
				8B31AA3A2D90B8BC005DD8CE /* LocationSearchService.swift */,
				8B31AA382D90B8A8005DD8CE /* IdentifiableCoordinate.swift */,
				8B31AA742D90C773005DD8CE /* LocationManager.swift */,
				8B31AA3C2D90B8D9005DD8CE /* FundraiserDetailView.swift */,
				8B31AA7A2D90CC35005DD8CE /* FundraiserManager.swift */,
				8B31AA342D90B882005DD8CE /* MainView.swift */,
				8B31AA7C2D90CC47005DD8CE /* AddressSearchView.swift */,
				8B31AA362D90B896005DD8CE /* StartFundraiserView.swift */,
				8B31AA702D90C56A005DD8CE /* Info.plist */,
				8B31AA302D90B85E005DD8CE /* AuthViewModel.swift */,
				8B31AA782D90CB5D005DD8CE /* ProfileView.swift */,
				8B31AA762D90CA30005DD8CE /* Models.swift */,
				8B31AA222D90B7BA005DD8CE /* ContentView.swift */,
				8B31AA722D90C67A005DD8CE /* GoogleService-Info.plist */,
				8B31AA242D90B7BB005DD8CE /* Assets.xcassets */,
				8B31AA262D90B7BB005DD8CE /* Preview Content */,
			);
			path = CommunityFund;
			sourceTree = "<group>";
		};
		8B31AA262D90B7BB005DD8CE /* Preview Content */ = {
			isa = PBXGroup;
			children = (
				8B31AA272D90B7BB005DD8CE /* Preview Assets.xcassets */,
			);
			path = "Preview Content";
			sourceTree = "<group>";
		};
/* End PBXGroup section */

/* Begin PBXNativeTarget section */
		8B31AA1C2D90B7BA005DD8CE /* CommunityFund */ = {
			isa = PBXNativeTarget;
			buildConfigurationList = 8B31AA2B2D90B7BB005DD8CE /* Build configuration list for PBXNativeTarget "CommunityFund" */;
			buildPhases = (
				8B31AA192D90B7BA005DD8CE /* Sources */,
				8B31AA1A2D90B7BA005DD8CE /* Frameworks */,
				8B31AA1B2D90B7BA005DD8CE /* Resources */,
			);
			buildRules = (
			);
			dependencies = (
			);
			name = CommunityFund;
			packageProductDependencies = (
				8B31AA452D90BDDE005DD8CE /* FirebaseAnalytics */,
				8B31AA472D90BDDE005DD8CE /* FirebaseAnalyticsOnDeviceConversion */,
				8B31AA492D90BDDE005DD8CE /* FirebaseAnalyticsWithoutAdIdSupport */,
				8B31AA4B2D90BDDE005DD8CE /* FirebaseAppCheck */,
				8B31AA4D2D90BDDE005DD8CE /* FirebaseAppDistribution-Beta */,
				8B31AA502D90C242005DD8CE /* GoogleSignIn */,
				8B31AA522D90C242005DD8CE /* GoogleSignInSwift */,
				8B31AA542D90C367005DD8CE /* FirebaseAuth */,
				8B31AA562D90C367005DD8CE /* FirebaseAuthCombine-Community */,
				8B31AA582D90C367005DD8CE /* FirebaseCore */,
				8B31AA5A2D90C367005DD8CE /* FirebaseCrashlytics */,
				8B31AA5C2D90C367005DD8CE /* FirebaseDatabase */,
				8B31AA5E2D90C367005DD8CE /* FirebaseDynamicLinks */,
				8B31AA602D90C367005DD8CE /* FirebaseFirestore */,
				8B31AA622D90C367005DD8CE /* FirebaseFirestoreCombine-Community */,
				8B31AA642D90C367005DD8CE /* FirebaseFunctions */,
				8B31AA662D90C367005DD8CE /* FirebaseFunctionsCombine-Community */,
				8B31AA682D90C367005DD8CE /* FirebaseInAppMessaging-Beta */,
				8B31AA6A2D90C367005DD8CE /* FirebaseInstallations */,
				8B31AA6C2D90C367005DD8CE /* FirebaseMLModelDownloader */,
				8B31AA6E2D90C367005DD8CE /* FirebaseMessaging */,
			);
			productName = CommunityFund;
			productReference = 8B31AA1D2D90B7BA005DD8CE /* CommunityFund.app */;
			productType = "com.apple.product-type.application";
		};
/* End PBXNativeTarget section */

/* Begin PBXProject section */
		8B31AA152D90B7BA005DD8CE /* Project object */ = {
			isa = PBXProject;
			attributes = {
				BuildIndependentTargetsInParallel = 1;
				LastSwiftUpdateCheck = 1540;
				LastUpgradeCheck = 1540;
				TargetAttributes = {
					8B31AA1C2D90B7BA005DD8CE = {
						CreatedOnToolsVersion = 15.4;
					};
				};
			};
			buildConfigurationList = 8B31AA182D90B7BA005DD8CE /* Build configuration list for PBXProject "CommunityFund" */;
			compatibilityVersion = "Xcode 14.0";
			developmentRegion = en;
			hasScannedForEncodings = 0;
			knownRegions = (
				en,
				Base,
			);
			mainGroup = 8B31AA142D90B7BA005DD8CE;
			packageReferences = (
				8B31AA442D90BDDE005DD8CE /* XCRemoteSwiftPackageReference "firebase-ios-sdk" */,
				8B31AA4F2D90C242005DD8CE /* XCRemoteSwiftPackageReference "GoogleSignIn-iOS" */,
			);
			productRefGroup = 8B31AA1E2D90B7BA005DD8CE /* Products */;
			projectDirPath = "";
			projectRoot = "";
			targets = (
				8B31AA1C2D90B7BA005DD8CE /* CommunityFund */,
			);
		};
/* End PBXProject section */

/* Begin PBXResourcesBuildPhase section */
		8B31AA1B2D90B7BA005DD8CE /* Resources */ = {
			isa = PBXResourcesBuildPhase;
			buildActionMask = 2147483647;
			files = (
				8B31AA732D90C67A005DD8CE /* GoogleService-Info.plist in Resources */,
				8B31AA282D90B7BB005DD8CE /* Preview Assets.xcassets in Resources */,
				8B31AA252D90B7BB005DD8CE /* Assets.xcassets in Resources */,
			);
			runOnlyForDeploymentPostprocessing = 0;
		};
/* End PBXResourcesBuildPhase section */

/* Begin PBXSourcesBuildPhase section */
		8B31AA192D90B7BA005DD8CE /* Sources */ = {
			isa = PBXSourcesBuildPhase;
			buildActionMask = 2147483647;
			files = (
				8B31AA7B2D90CC35005DD8CE /* FundraiserManager.swift in Sources */,
				8B31AA3B2D90B8BC005DD8CE /* LocationSearchService.swift in Sources */,
				8B31AA792D90CB5E005DD8CE /* ProfileView.swift in Sources */,
				8B31AA312D90B85E005DD8CE /* AuthViewModel.swift in Sources */,
				8B31AA352D90B882005DD8CE /* MainView.swift in Sources */,
				8B31AA7D2D90CC47005DD8CE /* AddressSearchView.swift in Sources */,
				8B31AA772D90CA31005DD8CE /* Models.swift in Sources */,
				8B31AA752D90C774005DD8CE /* LocationManager.swift in Sources */,
				8B31AA372D90B896005DD8CE /* StartFundraiserView.swift in Sources */,
				8B31AA3D2D90B8D9005DD8CE /* FundraiserDetailView.swift in Sources */,
				8B31AA2F2D90B84B005DD8CE /* AppDelegate.swift in Sources */,
				8B31AA232D90B7BA005DD8CE /* ContentView.swift in Sources */,
				8B31AA332D90B871005DD8CE /* LoginView.swift in Sources */,
				8B31AA212D90B7BA005DD8CE /* CommunityFundApp.swift in Sources */,
				8B31AA392D90B8A8005DD8CE /* IdentifiableCoordinate.swift in Sources */,
			);
			runOnlyForDeploymentPostprocessing = 0;
		};
/* End PBXSourcesBuildPhase section */

/* Begin XCBuildConfiguration section */
		8B31AA292D90B7BB005DD8CE /* Debug */ = {
			isa = XCBuildConfiguration;
			buildSettings = {
				ALWAYS_SEARCH_USER_PATHS = NO;
				ASSETCATALOG_COMPILER_GENERATE_SWIFT_ASSET_SYMBOL_EXTENSIONS = YES;
				CLANG_ANALYZER_NONNULL = YES;
				CLANG_ANALYZER_NUMBER_OBJECT_CONVERSION = YES_AGGRESSIVE;
				CLANG_CXX_LANGUAGE_STANDARD = "gnu++20";
				CLANG_ENABLE_MODULES = YES;
				CLANG_ENABLE_OBJC_ARC = YES;
				CLANG_ENABLE_OBJC_WEAK = YES;
				CLANG_WARN_BLOCK_CAPTURE_AUTORELEASING = YES;
				CLANG_WARN_BOOL_CONVERSION = YES;
				CLANG_WARN_COMMA = YES;
				CLANG_WARN_CONSTANT_CONVERSION = YES;
				CLANG_WARN_DEPRECATED_OBJC_IMPLEMENTATIONS = YES;
				CLANG_WARN_DIRECT_OBJC_ISA_USAGE = YES_ERROR;
				CLANG_WARN_DOCUMENTATION_COMMENTS = YES;
				CLANG_WARN_EMPTY_BODY = YES;
				CLANG_WARN_ENUM_CONVERSION = YES;
				CLANG_WARN_INFINITE_RECURSION = YES;
				CLANG_WARN_INT_CONVERSION = YES;
				CLANG_WARN_NON_LITERAL_NULL_CONVERSION = YES;
				CLANG_WARN_OBJC_IMPLICIT_RETAIN_SELF = YES;
				CLANG_WARN_OBJC_LITERAL_CONVERSION = YES;
				CLANG_WARN_OBJC_ROOT_CLASS = YES_ERROR;
				CLANG_WARN_QUOTED_INCLUDE_IN_FRAMEWORK_HEADER = YES;
				CLANG_WARN_RANGE_LOOP_ANALYSIS = YES;
				CLANG_WARN_STRICT_PROTOTYPES = YES;
				CLANG_WARN_SUSPICIOUS_MOVE = YES;
				CLANG_WARN_UNGUARDED_AVAILABILITY = YES_AGGRESSIVE;
				CLANG_WARN_UNREACHABLE_CODE = YES;
				CLANG_WARN__DUPLICATE_METHOD_MATCH = YES;
				COPY_PHASE_STRIP = NO;
				DEBUG_INFORMATION_FORMAT = dwarf;
				ENABLE_STRICT_OBJC_MSGSEND = YES;
				ENABLE_TESTABILITY = YES;
				ENABLE_USER_SCRIPT_SANDBOXING = YES;
				GCC_C_LANGUAGE_STANDARD = gnu17;
				GCC_DYNAMIC_NO_PIC = NO;
				GCC_NO_COMMON_BLOCKS = YES;
				GCC_OPTIMIZATION_LEVEL = 0;
				GCC_PREPROCESSOR_DEFINITIONS = (
					"DEBUG=1",
					"$(inherited)",
				);
				GCC_WARN_64_TO_32_BIT_CONVERSION = YES;
				GCC_WARN_ABOUT_RETURN_TYPE = YES_ERROR;
				GCC_WARN_UNDECLARED_SELECTOR = YES;
				GCC_WARN_UNINITIALIZED_AUTOS = YES_AGGRESSIVE;
				GCC_WARN_UNUSED_FUNCTION = YES;
				GCC_WARN_UNUSED_VARIABLE = YES;
				IPHONEOS_DEPLOYMENT_TARGET = 17.5;
				LOCALIZATION_PREFERS_STRING_CATALOGS = YES;
				MTL_ENABLE_DEBUG_INFO = INCLUDE_SOURCE;
				MTL_FAST_MATH = YES;
				ONLY_ACTIVE_ARCH = YES;
				SDKROOT = iphoneos;
				SWIFT_ACTIVE_COMPILATION_CONDITIONS = "DEBUG $(inherited)";
				SWIFT_OPTIMIZATION_LEVEL = "-Onone";
			};
			name = Debug;
		};
		8B31AA2A2D90B7BB005DD8CE /* Release */ = {
			isa = XCBuildConfiguration;
			buildSettings = {
				ALWAYS_SEARCH_USER_PATHS = NO;
				ASSETCATALOG_COMPILER_GENERATE_SWIFT_ASSET_SYMBOL_EXTENSIONS = YES;
				CLANG_ANALYZER_NONNULL = YES;
				CLANG_ANALYZER_NUMBER_OBJECT_CONVERSION = YES_AGGRESSIVE;
				CLANG_CXX_LANGUAGE_STANDARD = "gnu++20";
				CLANG_ENABLE_MODULES = YES;
				CLANG_ENABLE_OBJC_ARC = YES;
				CLANG_ENABLE_OBJC_WEAK = YES;
				CLANG_WARN_BLOCK_CAPTURE_AUTORELEASING = YES;
				CLANG_WARN_BOOL_CONVERSION = YES;
				CLANG_WARN_COMMA = YES;
				CLANG_WARN_CONSTANT_CONVERSION = YES;
				CLANG_WARN_DEPRECATED_OBJC_IMPLEMENTATIONS = YES;
				CLANG_WARN_DIRECT_OBJC_ISA_USAGE = YES_ERROR;
				CLANG_WARN_DOCUMENTATION_COMMENTS = YES;
				CLANG_WARN_EMPTY_BODY = YES;
				CLANG_WARN_ENUM_CONVERSION = YES;
				CLANG_WARN_INFINITE_RECURSION = YES;
				CLANG_WARN_INT_CONVERSION = YES;
				CLANG_WARN_NON_LITERAL_NULL_CONVERSION = YES;
				CLANG_WARN_OBJC_IMPLICIT_RETAIN_SELF = YES;
				CLANG_WARN_OBJC_LITERAL_CONVERSION = YES;
				CLANG_WARN_OBJC_ROOT_CLASS = YES_ERROR;
				CLANG_WARN_QUOTED_INCLUDE_IN_FRAMEWORK_HEADER = YES;
				CLANG_WARN_RANGE_LOOP_ANALYSIS = YES;
				CLANG_WARN_STRICT_PROTOTYPES = YES;
				CLANG_WARN_SUSPICIOUS_MOVE = YES;
				CLANG_WARN_UNGUARDED_AVAILABILITY = YES_AGGRESSIVE;
				CLANG_WARN_UNREACHABLE_CODE = YES;
				CLANG_WARN__DUPLICATE_METHOD_MATCH = YES;
				COPY_PHASE_STRIP = NO;
				DEBUG_INFORMATION_FORMAT = "dwarf-with-dsym";
				ENABLE_NS_ASSERTIONS = NO;
				ENABLE_STRICT_OBJC_MSGSEND = YES;
				ENABLE_USER_SCRIPT_SANDBOXING = YES;
				GCC_C_LANGUAGE_STANDARD = gnu17;
				GCC_NO_COMMON_BLOCKS = YES;
				GCC_WARN_64_TO_32_BIT_CONVERSION = YES;
				GCC_WARN_ABOUT_RETURN_TYPE = YES_ERROR;
				GCC_WARN_UNDECLARED_SELECTOR = YES;
				GCC_WARN_UNINITIALIZED_AUTOS = YES_AGGRESSIVE;
				GCC_WARN_UNUSED_FUNCTION = YES;
				GCC_WARN_UNUSED_VARIABLE = YES;
				IPHONEOS_DEPLOYMENT_TARGET = 17.5;
				LOCALIZATION_PREFERS_STRING_CATALOGS = YES;
				MTL_ENABLE_DEBUG_INFO = NO;
				MTL_FAST_MATH = YES;
				SDKROOT = iphoneos;
				SWIFT_COMPILATION_MODE = wholemodule;
				VALIDATE_PRODUCT = YES;
			};
			name = Release;
		};
		8B31AA2C2D90B7BB005DD8CE /* Debug */ = {
			isa = XCBuildConfiguration;
			buildSettings = {
				ASSETCATALOG_COMPILER_APPICON_NAME = AppIcon;
				ASSETCATALOG_COMPILER_GLOBAL_ACCENT_COLOR_NAME = AccentColor;
				CODE_SIGN_STYLE = Automatic;
				CURRENT_PROJECT_VERSION = 1;
				DEVELOPMENT_ASSET_PATHS = "\"CommunityFund/Preview Content\"";
				DEVELOPMENT_TEAM = JXHGN63H3P;
				ENABLE_PREVIEWS = YES;
				FRAMEWORK_SEARCH_PATHS = (
					"\"${PODS_CONFIGURATION_BUILD_DIR}/FirebaseAuth\"",
					"\"${PODS_CONFIGURATION_BUILD_DIR}/FirebaseCore\"",
					"\"${PODS_CONFIGURATION_BUILD_DIR}/FirebaseAuth\"",
					"\"${PODS_CONFIGURATION_BUILD_DIR}/FirebaseCore\"",
					"\"${PODS_CONFIGURATION_BUILD_DIR}/FirebaseAuth\"",
					"\"${PODS_CONFIGURATION_BUILD_DIR}/FirebaseCore\"",
				);
				GENERATE_INFOPLIST_FILE = YES;
				INFOPLIST_FILE = CommunityFund/Info.plist;
				INFOPLIST_KEY_UIApplicationSceneManifest_Generation = YES;
				INFOPLIST_KEY_UIApplicationSupportsIndirectInputEvents = YES;
				INFOPLIST_KEY_UILaunchScreen_Generation = YES;
				INFOPLIST_KEY_UISupportedInterfaceOrientations_iPad = "UIInterfaceOrientationPortrait UIInterfaceOrientationPortraitUpsideDown UIInterfaceOrientationLandscapeLeft UIInterfaceOrientationLandscapeRight";
				INFOPLIST_KEY_UISupportedInterfaceOrientations_iPhone = "UIInterfaceOrientationPortrait UIInterfaceOrientationLandscapeLeft UIInterfaceOrientationLandscapeRight";
				LD_RUNPATH_SEARCH_PATHS = (
					"$(inherited)",
					"@executable_path/Frameworks",
				);
				MARKETING_VERSION = 1.0;
				PRODUCT_BUNDLE_IDENTIFIER = raeva.CommunityFund;
				PRODUCT_NAME = "$(TARGET_NAME)";
				SWIFT_EMIT_LOC_STRINGS = YES;
				SWIFT_VERSION = 5.0;
				TARGETED_DEVICE_FAMILY = "1,2";
			};
			name = Debug;
		};
		8B31AA2D2D90B7BB005DD8CE /* Release */ = {
			isa = XCBuildConfiguration;
			buildSettings = {
				ASSETCATALOG_COMPILER_APPICON_NAME = AppIcon;
				ASSETCATALOG_COMPILER_GLOBAL_ACCENT_COLOR_NAME = AccentColor;
				CODE_SIGN_STYLE = Automatic;
				CURRENT_PROJECT_VERSION = 1;
				DEVELOPMENT_ASSET_PATHS = "\"CommunityFund/Preview Content\"";
				DEVELOPMENT_TEAM = JXHGN63H3P;
				ENABLE_PREVIEWS = YES;
				FRAMEWORK_SEARCH_PATHS = (
					"\"${PODS_CONFIGURATION_BUILD_DIR}/FirebaseAuth\"",
					"\"${PODS_CONFIGURATION_BUILD_DIR}/FirebaseCore\"",
					"\"${PODS_CONFIGURATION_BUILD_DIR}/FirebaseAuth\"",
					"\"${PODS_CONFIGURATION_BUILD_DIR}/FirebaseCore\"",
					"\"${PODS_CONFIGURATION_BUILD_DIR}/FirebaseAuth\"",
					"\"${PODS_CONFIGURATION_BUILD_DIR}/FirebaseCore\"",
				);
				GENERATE_INFOPLIST_FILE = YES;
				INFOPLIST_FILE = CommunityFund/Info.plist;
				INFOPLIST_KEY_UIApplicationSceneManifest_Generation = YES;
				INFOPLIST_KEY_UIApplicationSupportsIndirectInputEvents = YES;
				INFOPLIST_KEY_UILaunchScreen_Generation = YES;
				INFOPLIST_KEY_UISupportedInterfaceOrientations_iPad = "UIInterfaceOrientationPortrait UIInterfaceOrientationPortraitUpsideDown UIInterfaceOrientationLandscapeLeft UIInterfaceOrientationLandscapeRight";
				INFOPLIST_KEY_UISupportedInterfaceOrientations_iPhone = "UIInterfaceOrientationPortrait UIInterfaceOrientationLandscapeLeft UIInterfaceOrientationLandscapeRight";
				LD_RUNPATH_SEARCH_PATHS = (
					"$(inherited)",
					"@executable_path/Frameworks",
				);
				MARKETING_VERSION = 1.0;
				PRODUCT_BUNDLE_IDENTIFIER = raeva.CommunityFund;
				PRODUCT_NAME = "$(TARGET_NAME)";
				SWIFT_EMIT_LOC_STRINGS = YES;
				SWIFT_VERSION = 5.0;
				TARGETED_DEVICE_FAMILY = "1,2";
			};
			name = Release;
		};
/* End XCBuildConfiguration section */

/* Begin XCConfigurationList section */
		8B31AA182D90B7BA005DD8CE /* Build configuration list for PBXProject "CommunityFund" */ = {
			isa = XCConfigurationList;
			buildConfigurations = (
				8B31AA292D90B7BB005DD8CE /* Debug */,
				8B31AA2A2D90B7BB005DD8CE /* Release */,
			);
			defaultConfigurationIsVisible = 0;
			defaultConfigurationName = Release;
		};
		8B31AA2B2D90B7BB005DD8CE /* Build configuration list for PBXNativeTarget "CommunityFund" */ = {
			isa = XCConfigurationList;
			buildConfigurations = (
				8B31AA2C2D90B7BB005DD8CE /* Debug */,
				8B31AA2D2D90B7BB005DD8CE /* Release */,
			);
			defaultConfigurationIsVisible = 0;
			defaultConfigurationName = Release;
		};
/* End XCConfigurationList section */

/* Begin XCRemoteSwiftPackageReference section */
		8B31AA442D90BDDE005DD8CE /* XCRemoteSwiftPackageReference "firebase-ios-sdk" */ = {
			isa = XCRemoteSwiftPackageReference;
			repositoryURL = "https://github.com/firebase/firebase-ios-sdk";
			requirement = {
				kind = upToNextMajorVersion;
				minimumVersion = 11.10.0;
			};
		};
		8B31AA4F2D90C242005DD8CE /* XCRemoteSwiftPackageReference "GoogleSignIn-iOS" */ = {
			isa = XCRemoteSwiftPackageReference;
			repositoryURL = "https://github.com/google/GoogleSignIn-iOS.git";
			requirement = {
				kind = upToNextMajorVersion;
				minimumVersion = 8.0.0;
			};
		};
/* End XCRemoteSwiftPackageReference section */

/* Begin XCSwiftPackageProductDependency section */
		8B31AA452D90BDDE005DD8CE /* FirebaseAnalytics */ = {
			isa = XCSwiftPackageProductDependency;
			package = 8B31AA442D90BDDE005DD8CE /* XCRemoteSwiftPackageReference "firebase-ios-sdk" */;
			productName = FirebaseAnalytics;
		};
		8B31AA472D90BDDE005DD8CE /* FirebaseAnalyticsOnDeviceConversion */ = {
			isa = XCSwiftPackageProductDependency;
			package = 8B31AA442D90BDDE005DD8CE /* XCRemoteSwiftPackageReference "firebase-ios-sdk" */;
			productName = FirebaseAnalyticsOnDeviceConversion;
		};
		8B31AA492D90BDDE005DD8CE /* FirebaseAnalyticsWithoutAdIdSupport */ = {
			isa = XCSwiftPackageProductDependency;
			package = 8B31AA442D90BDDE005DD8CE /* XCRemoteSwiftPackageReference "firebase-ios-sdk" */;
			productName = FirebaseAnalyticsWithoutAdIdSupport;
		};
		8B31AA4B2D90BDDE005DD8CE /* FirebaseAppCheck */ = {
			isa = XCSwiftPackageProductDependency;
			package = 8B31AA442D90BDDE005DD8CE /* XCRemoteSwiftPackageReference "firebase-ios-sdk" */;
			productName = FirebaseAppCheck;
		};
		8B31AA4D2D90BDDE005DD8CE /* FirebaseAppDistribution-Beta */ = {
			isa = XCSwiftPackageProductDependency;
			package = 8B31AA442D90BDDE005DD8CE /* XCRemoteSwiftPackageReference "firebase-ios-sdk" */;
			productName = "FirebaseAppDistribution-Beta";
		};
		8B31AA502D90C242005DD8CE /* GoogleSignIn */ = {
			isa = XCSwiftPackageProductDependency;
			package = 8B31AA4F2D90C242005DD8CE /* XCRemoteSwiftPackageReference "GoogleSignIn-iOS" */;
			productName = GoogleSignIn;
		};
		8B31AA522D90C242005DD8CE /* GoogleSignInSwift */ = {
			isa = XCSwiftPackageProductDependency;
			package = 8B31AA4F2D90C242005DD8CE /* XCRemoteSwiftPackageReference "GoogleSignIn-iOS" */;
			productName = GoogleSignInSwift;
		};
		8B31AA542D90C367005DD8CE /* FirebaseAuth */ = {
			isa = XCSwiftPackageProductDependency;
			productName = FirebaseAuth;
		};
		8B31AA562D90C367005DD8CE /* FirebaseAuthCombine-Community */ = {
			isa = XCSwiftPackageProductDependency;
			productName = "FirebaseAuthCombine-Community";
		};
		8B31AA582D90C367005DD8CE /* FirebaseCore */ = {
			isa = XCSwiftPackageProductDependency;
			productName = FirebaseCore;
		};
		8B31AA5A2D90C367005DD8CE /* FirebaseCrashlytics */ = {
			isa = XCSwiftPackageProductDependency;
			productName = FirebaseCrashlytics;
		};
		8B31AA5C2D90C367005DD8CE /* FirebaseDatabase */ = {
			isa = XCSwiftPackageProductDependency;
			productName = FirebaseDatabase;
		};
		8B31AA5E2D90C367005DD8CE /* FirebaseDynamicLinks */ = {
			isa = XCSwiftPackageProductDependency;
			productName = FirebaseDynamicLinks;
		};
		8B31AA602D90C367005DD8CE /* FirebaseFirestore */ = {
			isa = XCSwiftPackageProductDependency;
			productName = FirebaseFirestore;
		};
		8B31AA622D90C367005DD8CE /* FirebaseFirestoreCombine-Community */ = {
			isa = XCSwiftPackageProductDependency;
			productName = "FirebaseFirestoreCombine-Community";
		};
		8B31AA642D90C367005DD8CE /* FirebaseFunctions */ = {
			isa = XCSwiftPackageProductDependency;
			productName = FirebaseFunctions;
		};
		8B31AA662D90C367005DD8CE /* FirebaseFunctionsCombine-Community */ = {
			isa = XCSwiftPackageProductDependency;
			productName = "FirebaseFunctionsCombine-Community";
		};
		8B31AA682D90C367005DD8CE /* FirebaseInAppMessaging-Beta */ = {
			isa = XCSwiftPackageProductDependency;
			productName = "FirebaseInAppMessaging-Beta";
		};
		8B31AA6A2D90C367005DD8CE /* FirebaseInstallations */ = {
			isa = XCSwiftPackageProductDependency;
			productName = FirebaseInstallations;
		};
		8B31AA6C2D90C367005DD8CE /* FirebaseMLModelDownloader */ = {
			isa = XCSwiftPackageProductDependency;
			productName = FirebaseMLModelDownloader;
		};
		8B31AA6E2D90C367005DD8CE /* FirebaseMessaging */ = {
			isa = XCSwiftPackageProductDependency;
			productName = FirebaseMessaging;
		};
/* End XCSwiftPackageProductDependency section */
	};
	rootObject = 8B31AA152D90B7BA005DD8CE /* Project object */;
}
